{
  "version": 4,
  "terraform_version": "1.4.6",
  "serial": 3,
  "lineage": "0238d2e5-1be7-c6a2-a8ca-2fedfe7eb5bd",
  "outputs": {},
  "resources": [
    {
      "mode": "managed",
      "type": "aws_subnet",
      "name": "basic-vpc-subnet-1",
      "provider": "provider[\"registry.terraform.io/hashicorp/aws\"]",
      "instances": [
        {
          "schema_version": 1,
          "attributes": {
            "arn": "arn:aws:ec2:ap-northeast-3:304203937430:subnet/subnet-08c6821a669102a71",
            "assign_ipv6_address_on_creation": false,
            "availability_zone": "ap-northeast-3c",
            "availability_zone_id": "apne3-az2",
            "cidr_block": "10.0.1.0/26",
            "customer_owned_ipv4_pool": "",
            "enable_dns64": false,
            "enable_lni_at_device_index": 0,
            "enable_resource_name_dns_a_record_on_launch": false,
            "enable_resource_name_dns_aaaa_record_on_launch": false,
            "id": "subnet-08c6821a669102a71",
            "ipv6_cidr_block": "",
            "ipv6_cidr_block_association_id": "",
            "ipv6_native": false,
            "map_customer_owned_ip_on_launch": false,
            "map_public_ip_on_launch": false,
            "outpost_arn": "",
            "owner_id": "304203937430",
            "private_dns_hostname_type_on_launch": "ip-name",
            "tags": {
              "Name": "basic-vpc-subnet-1"
            },
            "tags_all": {
              "Name": "basic-vpc-subnet-1"
            },
            "timeouts": null,
            "vpc_id": "vpc-0296c884fb0707869"
          },
          "sensitive_attributes": [],
          "private": "eyJlMmJmYjczMC1lY2FhLTExZTYtOGY4OC0zNDM2M2JjN2M0YzAiOnsiY3JlYXRlIjo2MDAwMDAwMDAwMDAsImRlbGV0ZSI6MTIwMDAwMDAwMDAwMH0sInNjaGVtYV92ZXJzaW9uIjoiMSJ9",
          "dependencies": [
            "aws_vpc.basic-vpc"
          ]
        }
      ]
    },
    {
      "mode": "managed",
      "type": "aws_vpc",
      "name": "basic-vpc",
      "provider": "provider[\"registry.terraform.io/hashicorp/aws\"]",
      "instances": [
        {
          "schema_version": 1,
          "attributes": {
            "arn": "arn:aws:ec2:ap-northeast-3:304203937430:vpc/vpc-0296c884fb0707869",
            "assign_generated_ipv6_cidr_block": false,
            "cidr_block": "10.0.0.0/16",
            "default_network_acl_id": "acl-0aef9dc2ee0d4c371",
            "default_route_table_id": "rtb-0596355a2b6dee726",
            "default_security_group_id": "sg-032fcf6b15a1aab6f",
            "dhcp_options_id": "dopt-02a8099a5b7d5b3d8",
            "enable_classiclink": false,
            "enable_classiclink_dns_support": false,
            "enable_dns_hostnames": false,
            "enable_dns_support": true,
            "enable_network_address_usage_metrics": false,
            "id": "vpc-0296c884fb0707869",
            "instance_tenancy": "default",
            "ipv4_ipam_pool_id": null,
            "ipv4_netmask_length": null,
            "ipv6_association_id": "",
            "ipv6_cidr_block": "",
            "ipv6_cidr_block_network_border_group": "",
            "ipv6_ipam_pool_id": "",
            "ipv6_netmask_length": 0,
            "main_route_table_id": "rtb-0596355a2b6dee726",
            "owner_id": "304203937430",
            "tags": {
              "Name": "basic-vpc"
            },
            "tags_all": {
              "Name": "basic-vpc"
            }
          },
          "sensitive_attributes": [],
          "private": "eyJzY2hlbWFfdmVyc2lvbiI6IjEifQ=="
        }
      ]
    }
  ],
  "check_results": null
}
